
Microsoft Visual Studio Solution File, Format Version 12.00
# Visual Studio Version 17
VisualStudioVersion = 17.3.32825.248
MinimumVisualStudioVersion = 10.0.40219.1
Project("{9A19103F-16F7-4668-BE54-9A1E7A4F7556}") = "LifelogBb", "LifelogBb\LifelogBb.csproj", "{A8134D5F-E1A2-4D6A-A0DC-30B3115B5739}"
EndProject
Global
	GlobalSection(SolutionConfigurationPlatforms) = preSolution
		Debug|Any CPU = Debug|Any CPU
		Release|Any CPU = Release|Any CPU
	EndGlobalSection
	GlobalSection(ProjectConfigurationPlatforms) = postSolution
		{A8134D5F-E1A2-4D6A-A0DC-30B3115B5739}.Debug|Any CPU.ActiveCfg = Debug|Any CPU
		{A8134D5F-E1A2-4D6A-A0DC-30B3115B5739}.Debug|Any CPU.Build.0 = Debug|Any CPU
		{A8134D5F-E1A2-4D6A-A0DC-30B3115B5739}.Release|Any CPU.ActiveCfg = Release|Any CPU
		{A8134D5F-E1A2-4D6A-A0DC-30B3115B5739}.Release|Any CPU.Build.0 = Release|Any CPU
	EndGlobalSection
	GlobalSection(SolutionProperties) = preSolution
		HideSolutionNode = FALSE
	EndGlobalSection
	GlobalSection(ExtensibilityGlobals) = postSolution
		SolutionGuid = {2387D718-D9FB-4973-A2EF-A57F1B3A88B4}
	EndGlobalSection
EndGlobal
